[[package]]
name = "aioserial"
version = "1.3.1"
description = "An asynchronous serial port library of Python"
category = "main"
optional = false
python-versions = ">=3.6,<4.0"

[package.dependencies]
pyserial = "*"

[[package]]
name = "appdirs"
version = "1.4.4"
description = "A small Python module for determining appropriate platform-specific dirs, e.g. a \"user data dir\"."
category = "main"
optional = false
python-versions = "*"

[[package]]
name = "argcomplete"
version = "1.12.3"
description = "Bash tab completion for argparse"
category = "main"
optional = false
python-versions = "*"

[package.extras]
test = ["coverage", "flake8", "pexpect", "wheel"]

[[package]]
name = "async-timeout"
version = "4.0.3"
description = "Timeout context manager for asyncio programs"
category = "main"
optional = false
python-versions = ">=3.7"

[[package]]
name = "asyncssh"
version = "2.14.2"
description = "AsyncSSH: Asynchronous SSHv2 client and server library"
category = "main"
optional = false
python-versions = ">= 3.6"

[package.dependencies]
cryptography = ">=39.0"
typing-extensions = ">=3.6"

[package.extras]
bcrypt = ["bcrypt (>=3.1.3)"]
fido2 = ["fido2 (>=0.9.2)"]
gssapi = ["gssapi (>=1.2.0)"]
libnacl = ["libnacl (>=1.4.2)"]
pkcs11 = ["python-pkcs11 (>=0.7.0)"]
pyopenssl = ["pyOpenSSL (>=23.0.0)"]
pywin32 = ["pywin32 (>=227)"]

[[package]]
name = "bleak"
version = "0.20.2"
description = "Bluetooth Low Energy platform Agnostic Klient"
category = "main"
optional = false
python-versions = ">=3.7,<4.0"

[package.dependencies]
async-timeout = {version = ">=3.0.0,<5", markers = "python_version < \"3.11\""}
bleak-winrt = {version = ">=1.2.0,<2.0.0", markers = "platform_system == \"Windows\""}
dbus-fast = {version = ">=1.83.0,<2.0.0", markers = "platform_system == \"Linux\""}
pyobjc-core = {version = ">=9.0.1,<10.0.0", markers = "platform_system == \"Darwin\""}
pyobjc-framework-CoreBluetooth = {version = ">=9.0.1,<10.0.0", markers = "platform_system == \"Darwin\""}
pyobjc-framework-libdispatch = {version = ">=9.0.1,<10.0.0", markers = "platform_system == \"Darwin\""}

[[package]]
name = "bleak-winrt"
version = "1.2.0"
description = "Python WinRT bindings for Bleak"
category = "main"
optional = false
python-versions = "*"

[[package]]
name = "cffi"
version = "1.16.0"
description = "Foreign Function Interface for Python calling C code."
category = "main"
optional = false
python-versions = ">=3.8"

[package.dependencies]
pycparser = "*"

[[package]]
name = "colorama"
version = "0.4.6"
description = "Cross-platform colored terminal text."
category = "main"
optional = false
python-versions = "!=3.0.*,!=3.1.*,!=3.2.*,!=3.3.*,!=3.4.*,!=3.5.*,!=3.6.*,>=2.7"

[[package]]
name = "cryptography"
version = "41.0.7"
description = "cryptography is a package which provides cryptographic recipes and primitives to Python developers."
category = "main"
optional = false
python-versions = ">=3.7"

[package.dependencies]
cffi = ">=1.12"

[package.extras]
docs = ["sphinx (>=5.3.0)", "sphinx-rtd-theme (>=1.1.1)"]
docstest = ["pyenchant (>=1.6.11)", "sphinxcontrib-spelling (>=4.0.1)", "twine (>=1.12.0)"]
nox = ["nox"]
pep8test = ["black", "check-sdist", "mypy", "ruff"]
sdist = ["build"]
ssh = ["bcrypt (>=3.1.5)"]
test = ["pretend", "pytest (>=6.2.0)", "pytest-benchmark", "pytest-cov", "pytest-xdist"]
test-randomorder = ["pytest-randomly"]

[[package]]
name = "dbus-fast"
version = "1.95.2"
description = "A faster version of dbus-next"
category = "main"
optional = false
python-versions = ">=3.7,<4.0"

[[package]]
name = "decorator"
version = "5.1.1"
description = "Decorators for Humans"
category = "main"
optional = false
python-versions = ">=3.5"

[[package]]
name = "hidapi"
version = "0.13.1"
description = "A Cython interface to the hidapi from https://github.com/libusb/hidapi"
category = "main"
optional = false
python-versions = "*"

[package.dependencies]
setuptools = ">=19.0"

[[package]]
name = "mpy-cross-v5"
version = "1.0.1"
description = "Python wrapper for the mpy-cross tool from MicroPython."
category = "main"
optional = false
python-versions = "*"

[[package]]
name = "mpy-cross-v6"
version = "1.0.1"
description = "Python wrapper for the mpy-cross tool from MicroPython."
category = "main"
optional = false
python-versions = "*"

[[package]]
name = "packaging"
version = "22.0"
description = "Core utilities for Python packages"
category = "main"
optional = false
python-versions = ">=3.7"

[[package]]
name = "prompt-toolkit"
version = "3.0.43"
description = "Library for building powerful interactive command lines in Python"
category = "main"
optional = false
python-versions = ">=3.7.0"

[package.dependencies]
wcwidth = "*"

[[package]]
name = "pybricks"
version = "3.3.0"
description = "Documentation and user-API stubs for Pybricks MicroPython"
category = "main"
optional = false
python-versions = ">=3.8,<4.0"

[[package]]
name = "pybricksdev"
version = "1.0.0a46"
description = "Pybricks developer tools"
category = "main"
optional = false
python-versions = ">=3.8.1,<3.12"

[package.dependencies]
aioserial = ">=1.3.0,<2.0.0"
appdirs = ">=1.4.4,<2.0.0"
argcomplete = ">=1.11.1,<2.0.0"
asyncssh = ">=2.2.1,<3.0.0"
bleak = ">=0.20.2,<0.21.0"
hidapi = ">=0.13.1,<0.14.0"
mpy-cross-v5 = ">=1.0.0,<2.0.0"
mpy-cross-v6 = ">=1.0.0,<2.0.0"
packaging = ">=22,<23"
prompt-toolkit = ">=3.0.18,<4.0.0"
pyusb = ">=1.0.2,<2.0.0"
reactivex = ">=4.0.4,<5.0.0"
semver = ">=2.13.0,<3.0.0"
tqdm = ">=4.62.3,<5.0.0"
typing-extensions = ">=4.3.0,<5.0.0"
validators = ">=0.18.2,<0.19.0"

[[package]]
name = "pycparser"
version = "2.21"
description = "C parser in Python"
category = "main"
optional = false
python-versions = ">=2.7, !=3.0.*, !=3.1.*, !=3.2.*, !=3.3.*"

[[package]]
name = "pyobjc-core"
version = "9.2"
description = "Python<->ObjC Interoperability Module"
category = "main"
optional = false
python-versions = ">=3.7"

[[package]]
name = "pyobjc-framework-cocoa"
version = "9.2"
description = "Wrappers for the Cocoa frameworks on macOS"
category = "main"
optional = false
python-versions = ">=3.7"

[package.dependencies]
pyobjc-core = ">=9.2"

[[package]]
name = "pyobjc-framework-corebluetooth"
version = "9.2"
description = "Wrappers for the framework CoreBluetooth on macOS"
category = "main"
optional = false
python-versions = ">=3.7"

[package.dependencies]
pyobjc-core = ">=9.2"
pyobjc-framework-Cocoa = ">=9.2"

[[package]]
name = "pyobjc-framework-libdispatch"
version = "9.2"
description = "Wrappers for libdispatch on macOS"
category = "main"
optional = false
python-versions = ">=3.7"

[package.dependencies]
pyobjc-core = ">=9.2"

[[package]]
name = "pyserial"
version = "3.5"
description = "Python Serial Port Extension"
category = "main"
optional = false
python-versions = "*"

[package.extras]
cp2110 = ["hidapi"]

[[package]]
name = "pyusb"
version = "1.2.1"
description = "Python USB access module"
category = "main"
optional = false
python-versions = ">=3.6.0"

[[package]]
name = "reactivex"
version = "4.0.4"
description = "ReactiveX (Rx) for Python"
category = "main"
optional = false
python-versions = ">=3.7,<4.0"

[package.dependencies]
typing-extensions = ">=4.1.1,<5.0.0"

[[package]]
name = "semver"
version = "2.13.0"
description = "Python helper for Semantic Versioning (http://semver.org/)"
category = "main"
optional = false
python-versions = ">=2.7, !=3.0.*, !=3.1.*, !=3.2.*, !=3.3.*"

[[package]]
name = "setuptools"
version = "69.0.3"
description = "Easily download, build, install, upgrade, and uninstall Python packages"
category = "main"
optional = false
python-versions = ">=3.8"

[package.extras]
docs = ["furo", "jaraco.packaging (>=9.3)", "jaraco.tidelift (>=1.4)", "pygments-github-lexers (==0.0.5)", "rst.linker (>=1.9)", "sphinx (<7.2.5)", "sphinx (>=3.5)", "sphinx-favicon", "sphinx-inline-tabs", "sphinx-lint", "sphinx-notfound-page (>=1,<2)", "sphinx-reredirects", "sphinxcontrib-towncrier"]
testing = ["build[virtualenv]", "filelock (>=3.4.0)", "flake8-2020", "ini2toml[lite] (>=0.9)", "jaraco.develop (>=7.21)", "jaraco.envs (>=2.2)", "jaraco.path (>=3.2.0)", "pip (>=19.1)", "pytest (>=6)", "pytest-black (>=0.3.7)", "pytest-checkdocs (>=2.4)", "pytest-cov", "pytest-enabler (>=2.2)", "pytest-mypy (>=0.9.1)", "pytest-perf", "pytest-ruff", "pytest-timeout", "pytest-xdist", "tomli-w (>=1.0.0)", "virtualenv (>=13.0.0)", "wheel"]
testing-integration = ["build[virtualenv] (>=1.0.3)", "filelock (>=3.4.0)", "jaraco.envs (>=2.2)", "jaraco.path (>=3.2.0)", "packaging (>=23.1)", "pytest", "pytest-enabler", "pytest-xdist", "tomli", "virtualenv (>=13.0.0)", "wheel"]

[[package]]
name = "six"
version = "1.16.0"
description = "Python 2 and 3 compatibility utilities"
category = "main"
optional = false
python-versions = ">=2.7, !=3.0.*, !=3.1.*, !=3.2.*"

[[package]]
name = "tqdm"
version = "4.66.1"
description = "Fast, Extensible Progress Meter"
category = "main"
optional = false
python-versions = ">=3.7"

[package.dependencies]
colorama = {version = "*", markers = "platform_system == \"Windows\""}

[package.extras]
dev = ["pytest (>=6)", "pytest-cov", "pytest-timeout", "pytest-xdist"]
notebook = ["ipywidgets (>=6)"]
slack = ["slack-sdk"]
telegram = ["requests"]

[[package]]
name = "typing-extensions"
version = "4.9.0"
description = "Backported and Experimental Type Hints for Python 3.8+"
category = "main"
optional = false
python-versions = ">=3.8"

[[package]]
name = "validators"
version = "0.18.2"
description = "Python Data Validation for Humans™."
category = "main"
optional = false
python-versions = ">=3.4"

[package.dependencies]
decorator = ">=3.4.0"
six = ">=1.4.0"

[package.extras]
test = ["flake8 (>=2.4.0)", "isort (>=4.2.2)", "pytest (>=2.2.3)"]

[[package]]
name = "wcwidth"
version = "0.2.13"
description = "Measures the displayed width of unicode strings in a terminal"
category = "main"
optional = false
python-versions = "*"

[metadata]
lock-version = "1.1"
python-versions = ">=3.10,<3.12"
content-hash = "187c87ad6cfa2c3e6f5d143255301bea916554d6e1eae0c878cd59a59ae669f0"

[metadata.files]
aioserial = [
    {file = "aioserial-1.3.1.tar.gz", hash = "sha256:702bf03b0eb84b8ef2d8dac5cb925e1e685dce98f77b125569bc6fd2b3b58228"},
]
appdirs = [
    {file = "appdirs-1.4.4-py2.py3-none-any.whl", hash = "sha256:a841dacd6b99318a741b166adb07e19ee71a274450e68237b4650ca1055ab128"},
    {file = "appdirs-1.4.4.tar.gz", hash = "sha256:7d5d0167b2b1ba821647616af46a749d1c653740dd0d2415100fe26e27afdf41"},
]
argcomplete = [
    {file = "argcomplete-1.12.3-py2.py3-none-any.whl", hash = "sha256:291f0beca7fd49ce285d2f10e4c1c77e9460cf823eef2de54df0c0fec88b0d81"},
    {file = "argcomplete-1.12.3.tar.gz", hash = "sha256:2c7dbffd8c045ea534921e63b0be6fe65e88599990d8dc408ac8c542b72a5445"},
]
async-timeout = [
    {file = "async-timeout-4.0.3.tar.gz", hash = "sha256:4640d96be84d82d02ed59ea2b7105a0f7b33abe8703703cd0ab0bf87c427522f"},
    {file = "async_timeout-4.0.3-py3-none-any.whl", hash = "sha256:7405140ff1230c310e51dc27b3145b9092d659ce68ff733fb0cefe3ee42be028"},
]
asyncssh = [
    {file = "asyncssh-2.14.2-py3-none-any.whl", hash = "sha256:6ff9923389a16bda4f681c1fc253386cc4e1f19fb74fd0684dd0d31943ebe5e4"},
    {file = "asyncssh-2.14.2.tar.gz", hash = "sha256:e956bf8988d07a06ba3305f6604e261f4ca014c4a232f0873f1c7692fbe3cfc2"},
]
bleak = [
    {file = "bleak-0.20.2-py3-none-any.whl", hash = "sha256:ce3106b7258212d92bb77be06f9301774f51f5bbc9f7cd50976ad794e9514dba"},
    {file = "bleak-0.20.2.tar.gz", hash = "sha256:6c92a47abe34e6dea8ffc5cea9457cbff6e1be966854839dbc25cddb36b79ee4"},
]
bleak-winrt = [
    {file = "bleak-winrt-1.2.0.tar.gz", hash = "sha256:0577d070251b9354fc6c45ffac57e39341ebb08ead014b1bdbd43e211d2ce1d6"},
    {file = "bleak_winrt-1.2.0-cp310-cp310-win32.whl", hash = "sha256:a2ae3054d6843ae0cfd3b94c83293a1dfd5804393977dd69bde91cb5099fc47c"},
    {file = "bleak_winrt-1.2.0-cp310-cp310-win_amd64.whl", hash = "sha256:677df51dc825c6657b3ae94f00bd09b8ab88422b40d6a7bdbf7972a63bc44e9a"},
    {file = "bleak_winrt-1.2.0-cp311-cp311-win32.whl", hash = "sha256:9449cdb942f22c9892bc1ada99e2ccce9bea8a8af1493e81fefb6de2cb3a7b80"},
    {file = "bleak_winrt-1.2.0-cp311-cp311-win_amd64.whl", hash = "sha256:98c1b5a6a6c431ac7f76aa4285b752fe14a1c626bd8a1dfa56f66173ff120bee"},
    {file = "bleak_winrt-1.2.0-cp37-cp37m-win32.whl", hash = "sha256:623ac511696e1f58d83cb9c431e32f613395f2199b3db7f125a3d872cab968a4"},
    {file = "bleak_winrt-1.2.0-cp37-cp37m-win_amd64.whl", hash = "sha256:13ab06dec55469cf51a2c187be7b630a7a2922e1ea9ac1998135974a7239b1e3"},
    {file = "bleak_winrt-1.2.0-cp38-cp38-win32.whl", hash = "sha256:5a36ff8cd53068c01a795a75d2c13054ddc5f99ce6de62c1a97cd343fc4d0727"},
    {file = "bleak_winrt-1.2.0-cp38-cp38-win_amd64.whl", hash = "sha256:810c00726653a962256b7acd8edf81ab9e4a3c66e936a342ce4aec7dbd3a7263"},
    {file = "bleak_winrt-1.2.0-cp39-cp39-win32.whl", hash = "sha256:dd740047a08925bde54bec357391fcee595d7b8ca0c74c87170a5cbc3f97aa0a"},
    {file = "bleak_winrt-1.2.0-cp39-cp39-win_amd64.whl", hash = "sha256:63130c11acfe75c504a79c01f9919e87f009f5e742bfc7b7a5c2a9c72bf591a7"},
]
cffi = [
    {file = "cffi-1.16.0-cp310-cp310-macosx_10_9_x86_64.whl", hash = "sha256:6b3d6606d369fc1da4fd8c357d026317fbb9c9b75d36dc16e90e84c26854b088"},
    {file = "cffi-1.16.0-cp310-cp310-macosx_11_0_arm64.whl", hash = "sha256:ac0f5edd2360eea2f1daa9e26a41db02dd4b0451b48f7c318e217ee092a213e9"},
    {file = "cffi-1.16.0-cp310-cp310-manylinux_2_12_i686.manylinux2010_i686.manylinux_2_17_i686.manylinux2014_i686.whl", hash = "sha256:7e61e3e4fa664a8588aa25c883eab612a188c725755afff6289454d6362b9673"},
    {file = "cffi-1.16.0-cp310-cp310-manylinux_2_17_aarch64.manylinux2014_aarch64.whl", hash = "sha256:a72e8961a86d19bdb45851d8f1f08b041ea37d2bd8d4fd19903bc3083d80c896"},
    {file = "cffi-1.16.0-cp310-cp310-manylinux_2_17_ppc64le.manylinux2014_ppc64le.whl", hash = "sha256:5b50bf3f55561dac5438f8e70bfcdfd74543fd60df5fa5f62d94e5867deca684"},
    {file = "cffi-1.16.0-cp310-cp310-manylinux_2_17_s390x.manylinux2014_s390x.whl", hash = "sha256:7651c50c8c5ef7bdb41108b7b8c5a83013bfaa8a935590c5d74627c047a583c7"},
    {file = "cffi-1.16.0-cp310-cp310-manylinux_2_17_x86_64.manylinux2014_x86_64.whl", hash = "sha256:e4108df7fe9b707191e55f33efbcb2d81928e10cea45527879a4749cbe472614"},
    {file = "cffi-1.16.0-cp310-cp310-musllinux_1_1_i686.whl", hash = "sha256:32c68ef735dbe5857c810328cb2481e24722a59a2003018885514d4c09af9743"},
    {file = "cffi-1.16.0-cp310-cp310-musllinux_1_1_x86_64.whl", hash = "sha256:673739cb539f8cdaa07d92d02efa93c9ccf87e345b9a0b556e3ecc666718468d"},
    {file = "cffi-1.16.0-cp310-cp310-win32.whl", hash = "sha256:9f90389693731ff1f659e55c7d1640e2ec43ff725cc61b04b2f9c6d8d017df6a"},
    {file = "cffi-1.16.0-cp310-cp310-win_amd64.whl", hash = "sha256:e6024675e67af929088fda399b2094574609396b1decb609c55fa58b028a32a1"},
    {file = "cffi-1.16.0-cp311-cp311-macosx_10_9_x86_64.whl", hash = "sha256:b84834d0cf97e7d27dd5b7f3aca7b6e9263c56308ab9dc8aae9784abb774d404"},
    {file = "cffi-1.16.0-cp311-cp311-macosx_11_0_arm64.whl", hash = "sha256:1b8ebc27c014c59692bb2664c7d13ce7a6e9a629be20e54e7271fa696ff2b417"},
    {file = "cffi-1.16.0-cp311-cp311-manylinux_2_12_i686.manylinux2010_i686.manylinux_2_17_i686.manylinux2014_i686.whl", hash = "sha256:ee07e47c12890ef248766a6e55bd38ebfb2bb8edd4142d56db91b21ea68b7627"},
    {file = "cffi-1.16.0-cp311-cp311-manylinux_2_17_aarch64.manylinux2014_aarch64.whl", hash = "sha256:d8a9d3ebe49f084ad71f9269834ceccbf398253c9fac910c4fd7053ff1386936"},
    {file = "cffi-1.16.0-cp311-cp311-manylinux_2_17_ppc64le.manylinux2014_ppc64le.whl", hash = "sha256:e70f54f1796669ef691ca07d046cd81a29cb4deb1e5f942003f401c0c4a2695d"},
    {file = "cffi-1.16.0-cp311-cp311-manylinux_2_17_s390x.manylinux2014_s390x.whl", hash = "sha256:5bf44d66cdf9e893637896c7faa22298baebcd18d1ddb6d2626a6e39793a1d56"},
    {file = "cffi-1.16.0-cp311-cp311-manylinux_2_17_x86_64.manylinux2014_x86_64.whl", hash = "sha256:7b78010e7b97fef4bee1e896df8a4bbb6712b7f05b7ef630f9d1da00f6444d2e"},
    {file = "cffi-1.16.0-cp311-cp311-musllinux_1_1_i686.whl", hash = "sha256:c6a164aa47843fb1b01e941d385aab7215563bb8816d80ff3a363a9f8448a8dc"},
    {file = "cffi-1.16.0-cp311-cp311-musllinux_1_1_x86_64.whl", hash = "sha256:e09f3ff613345df5e8c3667da1d918f9149bd623cd9070c983c013792a9a62eb"},
    {file = "cffi-1.16.0-cp311-cp311-win32.whl", hash = "sha256:2c56b361916f390cd758a57f2e16233eb4f64bcbeee88a4881ea90fca14dc6ab"},
    {file = "cffi-1.16.0-cp311-cp311-win_amd64.whl", hash = "sha256:db8e577c19c0fda0beb7e0d4e09e0ba74b1e4c092e0e40bfa12fe05b6f6d75ba"},
    {file = "cffi-1.16.0-cp312-cp312-macosx_10_9_x86_64.whl", hash = "sha256:fa3a0128b152627161ce47201262d3140edb5a5c3da88d73a1b790a959126956"},
    {file = "cffi-1.16.0-cp312-cp312-macosx_11_0_arm64.whl", hash = "sha256:68e7c44931cc171c54ccb702482e9fc723192e88d25a0e133edd7aff8fcd1f6e"},
    {file = "cffi-1.16.0-cp312-cp312-manylinux_2_12_i686.manylinux2010_i686.manylinux_2_17_i686.manylinux2014_i686.whl", hash = "sha256:abd808f9c129ba2beda4cfc53bde801e5bcf9d6e0f22f095e45327c038bfe68e"},
    {file = "cffi-1.16.0-cp312-cp312-manylinux_2_17_aarch64.manylinux2014_aarch64.whl", hash = "sha256:88e2b3c14bdb32e440be531ade29d3c50a1a59cd4e51b1dd8b0865c54ea5d2e2"},
    {file = "cffi-1.16.0-cp312-cp312-manylinux_2_17_ppc64le.manylinux2014_ppc64le.whl", hash = "sha256:fcc8eb6d5902bb1cf6dc4f187ee3ea80a1eba0a89aba40a5cb20a5087d961357"},
    {file = "cffi-1.16.0-cp312-cp312-manylinux_2_17_s390x.manylinux2014_s390x.whl", hash = "sha256:b7be2d771cdba2942e13215c4e340bfd76398e9227ad10402a8767ab1865d2e6"},
    {file = "cffi-1.16.0-cp312-cp312-manylinux_2_17_x86_64.manylinux2014_x86_64.whl", hash = "sha256:e715596e683d2ce000574bae5d07bd522c781a822866c20495e52520564f0969"},
    {file = "cffi-1.16.0-cp312-cp312-musllinux_1_1_x86_64.whl", hash = "sha256:2d92b25dbf6cae33f65005baf472d2c245c050b1ce709cc4588cdcdd5495b520"},
    {file = "cffi-1.16.0-cp312-cp312-win32.whl", hash = "sha256:b2ca4e77f9f47c55c194982e10f058db063937845bb2b7a86c84a6cfe0aefa8b"},
    {file = "cffi-1.16.0-cp312-cp312-win_amd64.whl", hash = "sha256:68678abf380b42ce21a5f2abde8efee05c114c2fdb2e9eef2efdb0257fba1235"},
    {file = "cffi-1.16.0-cp38-cp38-macosx_10_9_x86_64.whl", hash = "sha256:0c9ef6ff37e974b73c25eecc13952c55bceed9112be2d9d938ded8e856138bcc"},
    {file = "cffi-1.16.0-cp38-cp38-manylinux_2_12_i686.manylinux2010_i686.manylinux_2_17_i686.manylinux2014_i686.whl", hash = "sha256:a09582f178759ee8128d9270cd1344154fd473bb77d94ce0aeb2a93ebf0feaf0"},
    {file = "cffi-1.16.0-cp38-cp38-manylinux_2_17_aarch64.manylinux2014_aarch64.whl", hash = "sha256:e760191dd42581e023a68b758769e2da259b5d52e3103c6060ddc02c9edb8d7b"},
    {file = "cffi-1.16.0-cp38-cp38-manylinux_2_17_ppc64le.manylinux2014_ppc64le.whl", hash = "sha256:80876338e19c951fdfed6198e70bc88f1c9758b94578d5a7c4c91a87af3cf31c"},
    {file = "cffi-1.16.0-cp38-cp38-manylinux_2_17_s390x.manylinux2014_s390x.whl", hash = "sha256:a6a14b17d7e17fa0d207ac08642c8820f84f25ce17a442fd15e27ea18d67c59b"},
    {file = "cffi-1.16.0-cp38-cp38-manylinux_2_17_x86_64.manylinux2014_x86_64.whl", hash = "sha256:6602bc8dc6f3a9e02b6c22c4fc1e47aa50f8f8e6d3f78a5e16ac33ef5fefa324"},
    {file = "cffi-1.16.0-cp38-cp38-win32.whl", hash = "sha256:131fd094d1065b19540c3d72594260f118b231090295d8c34e19a7bbcf2e860a"},
    {file = "cffi-1.16.0-cp38-cp38-win_amd64.whl", hash = "sha256:31d13b0f99e0836b7ff893d37af07366ebc90b678b6664c955b54561fc36ef36"},
    {file = "cffi-1.16.0-cp39-cp39-macosx_10_9_x86_64.whl", hash = "sha256:582215a0e9adbe0e379761260553ba11c58943e4bbe9c36430c4ca6ac74b15ed"},
    {file = "cffi-1.16.0-cp39-cp39-macosx_11_0_arm64.whl", hash = "sha256:b29ebffcf550f9da55bec9e02ad430c992a87e5f512cd63388abb76f1036d8d2"},
    {file = "cffi-1.16.0-cp39-cp39-manylinux_2_12_i686.manylinux2010_i686.manylinux_2_17_i686.manylinux2014_i686.whl", hash = "sha256:dc9b18bf40cc75f66f40a7379f6a9513244fe33c0e8aa72e2d56b0196a7ef872"},
    {file = "cffi-1.16.0-cp39-cp39-manylinux_2_17_aarch64.manylinux2014_aarch64.whl", hash = "sha256:9cb4a35b3642fc5c005a6755a5d17c6c8b6bcb6981baf81cea8bfbc8903e8ba8"},
    {file = "cffi-1.16.0-cp39-cp39-manylinux_2_17_ppc64le.manylinux2014_ppc64le.whl", hash = "sha256:b86851a328eedc692acf81fb05444bdf1891747c25af7529e39ddafaf68a4f3f"},
    {file = "cffi-1.16.0-cp39-cp39-manylinux_2_17_s390x.manylinux2014_s390x.whl", hash = "sha256:c0f31130ebc2d37cdd8e44605fb5fa7ad59049298b3f745c74fa74c62fbfcfc4"},
    {file = "cffi-1.16.0-cp39-cp39-manylinux_2_17_x86_64.manylinux2014_x86_64.whl", hash = "sha256:8f8e709127c6c77446a8c0a8c8bf3c8ee706a06cd44b1e827c3e6a2ee6b8c098"},
    {file = "cffi-1.16.0-cp39-cp39-musllinux_1_1_i686.whl", hash = "sha256:748dcd1e3d3d7cd5443ef03ce8685043294ad6bd7c02a38d1bd367cfd968e000"},
    {file = "cffi-1.16.0-cp39-cp39-musllinux_1_1_x86_64.whl", hash = "sha256:8895613bcc094d4a1b2dbe179d88d7fb4a15cee43c052e8885783fac397d91fe"},
    {file = "cffi-1.16.0-cp39-cp39-win32.whl", hash = "sha256:ed86a35631f7bfbb28e108dd96773b9d5a6ce4811cf6ea468bb6a359b256b1e4"},
    {file = "cffi-1.16.0-cp39-cp39-win_amd64.whl", hash = "sha256:3686dffb02459559c74dd3d81748269ffb0eb027c39a6fc99502de37d501faa8"},
    {file = "cffi-1.16.0.tar.gz", hash = "sha256:bcb3ef43e58665bbda2fb198698fcae6776483e0c4a631aa5647806c25e02cc0"},
]
colorama = [
    {file = "colorama-0.4.6-py2.py3-none-any.whl", hash = "sha256:4f1d9991f5acc0ca119f9d443620b77f9d6b33703e51011c16baf57afb285fc6"},
    {file = "colorama-0.4.6.tar.gz", hash = "sha256:08695f5cb7ed6e0531a20572697297273c47b8cae5a63ffc6d6ed5c201be6e44"},
]
cryptography = [
    {file = "cryptography-41.0.7-cp37-abi3-macosx_10_12_universal2.whl", hash = "sha256:3c78451b78313fa81607fa1b3f1ae0a5ddd8014c38a02d9db0616133987b9cdf"},
    {file = "cryptography-41.0.7-cp37-abi3-macosx_10_12_x86_64.whl", hash = "sha256:928258ba5d6f8ae644e764d0f996d61a8777559f72dfeb2eea7e2fe0ad6e782d"},
    {file = "cryptography-41.0.7-cp37-abi3-manylinux_2_17_aarch64.manylinux2014_aarch64.whl", hash = "sha256:5a1b41bc97f1ad230a41657d9155113c7521953869ae57ac39ac7f1bb471469a"},
    {file = "cryptography-41.0.7-cp37-abi3-manylinux_2_17_x86_64.manylinux2014_x86_64.whl", hash = "sha256:841df4caa01008bad253bce2a6f7b47f86dc9f08df4b433c404def869f590a15"},
    {file = "cryptography-41.0.7-cp37-abi3-manylinux_2_28_aarch64.whl", hash = "sha256:5429ec739a29df2e29e15d082f1d9ad683701f0ec7709ca479b3ff2708dae65a"},
    {file = "cryptography-41.0.7-cp37-abi3-manylinux_2_28_x86_64.whl", hash = "sha256:43f2552a2378b44869fe8827aa19e69512e3245a219104438692385b0ee119d1"},
    {file = "cryptography-41.0.7-cp37-abi3-musllinux_1_1_aarch64.whl", hash = "sha256:af03b32695b24d85a75d40e1ba39ffe7db7ffcb099fe507b39fd41a565f1b157"},
    {file = "cryptography-41.0.7-cp37-abi3-musllinux_1_1_x86_64.whl", hash = "sha256:49f0805fc0b2ac8d4882dd52f4a3b935b210935d500b6b805f321addc8177406"},
    {file = "cryptography-41.0.7-cp37-abi3-win32.whl", hash = "sha256:f983596065a18a2183e7f79ab3fd4c475205b839e02cbc0efbbf9666c4b3083d"},
    {file = "cryptography-41.0.7-cp37-abi3-win_amd64.whl", hash = "sha256:90452ba79b8788fa380dfb587cca692976ef4e757b194b093d845e8d99f612f2"},
    {file = "cryptography-41.0.7-pp310-pypy310_pp73-macosx_10_12_x86_64.whl", hash = "sha256:079b85658ea2f59c4f43b70f8119a52414cdb7be34da5d019a77bf96d473b960"},
    {file = "cryptography-41.0.7-pp310-pypy310_pp73-manylinux_2_28_aarch64.whl", hash = "sha256:b640981bf64a3e978a56167594a0e97db71c89a479da8e175d8bb5be5178c003"},
    {file = "cryptography-41.0.7-pp310-pypy310_pp73-manylinux_2_28_x86_64.whl", hash = "sha256:e3114da6d7f95d2dee7d3f4eec16dacff819740bbab931aff8648cb13c5ff5e7"},
    {file = "cryptography-41.0.7-pp310-pypy310_pp73-win_amd64.whl", hash = "sha256:d5ec85080cce7b0513cfd233914eb8b7bbd0633f1d1703aa28d1dd5a72f678ec"},
    {file = "cryptography-41.0.7-pp38-pypy38_pp73-macosx_10_12_x86_64.whl", hash = "sha256:7a698cb1dac82c35fcf8fe3417a3aaba97de16a01ac914b89a0889d364d2f6be"},
    {file = "cryptography-41.0.7-pp38-pypy38_pp73-manylinux_2_28_aarch64.whl", hash = "sha256:37a138589b12069efb424220bf78eac59ca68b95696fc622b6ccc1c0a197204a"},
    {file = "cryptography-41.0.7-pp38-pypy38_pp73-manylinux_2_28_x86_64.whl", hash = "sha256:68a2dec79deebc5d26d617bfdf6e8aab065a4f34934b22d3b5010df3ba36612c"},
    {file = "cryptography-41.0.7-pp38-pypy38_pp73-win_amd64.whl", hash = "sha256:09616eeaef406f99046553b8a40fbf8b1e70795a91885ba4c96a70793de5504a"},
    {file = "cryptography-41.0.7-pp39-pypy39_pp73-macosx_10_12_x86_64.whl", hash = "sha256:48a0476626da912a44cc078f9893f292f0b3e4c739caf289268168d8f4702a39"},
    {file = "cryptography-41.0.7-pp39-pypy39_pp73-manylinux_2_28_aarch64.whl", hash = "sha256:c7f3201ec47d5207841402594f1d7950879ef890c0c495052fa62f58283fde1a"},
    {file = "cryptography-41.0.7-pp39-pypy39_pp73-manylinux_2_28_x86_64.whl", hash = "sha256:c5ca78485a255e03c32b513f8c2bc39fedb7f5c5f8535545bdc223a03b24f248"},
    {file = "cryptography-41.0.7-pp39-pypy39_pp73-win_amd64.whl", hash = "sha256:d6c391c021ab1f7a82da5d8d0b3cee2f4b2c455ec86c8aebbc84837a631ff309"},
    {file = "cryptography-41.0.7.tar.gz", hash = "sha256:13f93ce9bea8016c253b34afc6bd6a75993e5c40672ed5405a9c832f0d4a00bc"},
]
dbus-fast = [
    {file = "dbus_fast-1.95.2-cp310-cp310-manylinux_2_17_i686.manylinux_2_5_i686.manylinux1_i686.manylinux2014_i686.whl", hash = "sha256:69f19fb94ac714b917c51fcc329b51695f085f779841edd6e429170f1f073f47"},
    {file = "dbus_fast-1.95.2-cp310-cp310-manylinux_2_17_x86_64.manylinux2014_x86_64.whl", hash = "sha256:c71e84a7ce3b050745dfb2bcd32ade891ecf6f4b06d3baa4dfe30ad09720a0be"},
    {file = "dbus_fast-1.95.2-cp310-cp310-manylinux_2_31_x86_64.whl", hash = "sha256:3ffcd1c999599da7806d7887d5ce1e9f0d814aa35af92daecab542c9b70794c1"},
    {file = "dbus_fast-1.95.2-cp310-cp310-musllinux_1_1_i686.whl", hash = "sha256:85739b90e6f983494c3c7187d4daaa50f4f4369aa1e87e876066de97ca1bcd58"},
    {file = "dbus_fast-1.95.2-cp310-cp310-musllinux_1_1_x86_64.whl", hash = "sha256:e2c107caefa186919169e07a852edea3d931dfb6112584fa2c6e5653d91c0d2d"},
    {file = "dbus_fast-1.95.2-cp311-cp311-manylinux_2_17_i686.manylinux_2_5_i686.manylinux1_i686.manylinux2014_i686.whl", hash = "sha256:99902ca6c10368492fdf5a28321d86c7e92e50fd742f0163599602c442232d29"},
    {file = "dbus_fast-1.95.2-cp311-cp311-manylinux_2_17_x86_64.manylinux2014_x86_64.whl", hash = "sha256:c3241252a744b0960e7eb9dcad2892af2bc695b4f47636bab2f17f6012d914ce"},
    {file = "dbus_fast-1.95.2-cp311-cp311-musllinux_1_1_i686.whl", hash = "sha256:f52ef5edef41a0ed29645d7c6e1ee89b5e8f5e5c1ba9901699dcec9cfaf8d961"},
    {file = "dbus_fast-1.95.2-cp311-cp311-musllinux_1_1_x86_64.whl", hash = "sha256:9706e10a6c24d4c03d28b1631e3882009964d5207a86cae2b42466635d7546be"},
    {file = "dbus_fast-1.95.2-cp312-cp312-manylinux_2_17_i686.manylinux_2_5_i686.manylinux1_i686.manylinux2014_i686.whl", hash = "sha256:3277944b418063ad051e8e49144151962691188b972f1fbca7af39fdef4f8a47"},
    {file = "dbus_fast-1.95.2-cp312-cp312-manylinux_2_17_x86_64.manylinux2014_x86_64.whl", hash = "sha256:cab158bcf86c4b2e03c2f3453738a61de83c82cbed11f23331ccc9a9aba6d5b1"},
    {file = "dbus_fast-1.95.2-cp312-cp312-musllinux_1_1_i686.whl", hash = "sha256:17d743d13dbde0691adb98f1a6c87f0cf5617a4c9169b4820972dc8869095c6b"},
    {file = "dbus_fast-1.95.2-cp312-cp312-musllinux_1_1_x86_64.whl", hash = "sha256:aefa695088405d313c703790ac503ad0b2ac1e4807393f1f02e410b6984aedd0"},
    {file = "dbus_fast-1.95.2-cp37-cp37m-manylinux_2_17_i686.manylinux_2_5_i686.manylinux1_i686.manylinux2014_i686.whl", hash = "sha256:ffd3665a6fbe318aadac998ae117b19214e0782397c86ab47792a120979783a6"},
    {file = "dbus_fast-1.95.2-cp37-cp37m-manylinux_2_17_x86_64.manylinux2014_x86_64.whl", hash = "sha256:43093d8e42342841c7ac69e236370c31949c35b659032888dae8b3af1fa35e9e"},
    {file = "dbus_fast-1.95.2-cp37-cp37m-musllinux_1_1_i686.whl", hash = "sha256:4f4b26849254fafb11656fc8c10f8bce67deab683694e0fc7b56edd891d4e118"},
    {file = "dbus_fast-1.95.2-cp37-cp37m-musllinux_1_1_x86_64.whl", hash = "sha256:331c4a26e010fd8ad3168b9680f39a7d0765507d3aadcbe5f250da0474877f14"},
    {file = "dbus_fast-1.95.2-cp38-cp38-manylinux_2_17_i686.manylinux_2_5_i686.manylinux1_i686.manylinux2014_i686.whl", hash = "sha256:7aee30619c79334980a25a1e94299a751b3f276644ec0a69c76bfe57be184e7a"},
    {file = "dbus_fast-1.95.2-cp38-cp38-manylinux_2_17_x86_64.manylinux2014_x86_64.whl", hash = "sha256:5c5d344e3fe3c4b16593fad70448c66ca3130c8c692c74a921c15f18650581a7"},
    {file = "dbus_fast-1.95.2-cp38-cp38-musllinux_1_1_i686.whl", hash = "sha256:9180d4d39d8688b9d8d43f427f0f2883354fa9df18a1f46d14f1762b82249d1f"},
    {file = "dbus_fast-1.95.2-cp38-cp38-musllinux_1_1_x86_64.whl", hash = "sha256:e19173e65967581186666a47cd0af06111c7e957fb529198e532b35a47171460"},
    {file = "dbus_fast-1.95.2-cp39-cp39-manylinux_2_17_i686.manylinux_2_5_i686.manylinux1_i686.manylinux2014_i686.whl", hash = "sha256:fae11a8ed320013decd2bf6a982f010fff011bf935c4f32141e804ba7963719b"},
    {file = "dbus_fast-1.95.2-cp39-cp39-manylinux_2_17_x86_64.manylinux2014_x86_64.whl", hash = "sha256:5f653085d9f96ed2e48434ba951cf4bf0229cc273a87b9799e7cf3a9a6612a56"},
    {file = "dbus_fast-1.95.2-cp39-cp39-musllinux_1_1_i686.whl", hash = "sha256:05d53e0db08de6b3ba43eb110e01b9e6264e7143849ea9772af45b15575c21b2"},
    {file = "dbus_fast-1.95.2-cp39-cp39-musllinux_1_1_x86_64.whl", hash = "sha256:4e73b7dcbac5f418bd4b334ad112e40e8b3bc05c53a3fc451926450ce3bb805e"},
    {file = "dbus_fast-1.95.2-pp310-pypy310_pp73-manylinux_2_17_i686.manylinux_2_5_i686.manylinux1_i686.manylinux2014_i686.whl", hash = "sha256:76fb9d11bd6ebe1f832350ec57ada352f096f24b5731e38bcbad86ab9b27190b"},
    {file = "dbus_fast-1.95.2-pp310-pypy310_pp73-manylinux_2_17_x86_64.manylinux2014_x86_64.whl", hash = "sha256:26045c50bbd8c1674814759332333799b073216b2b2cac9e1cfebf757c7f926d"},
    {file = "dbus_fast-1.95.2-pp37-pypy37_pp73-manylinux_2_17_i686.manylinux_2_5_i686.manylinux1_i686.manylinux2014_i686.whl", hash = "sha256:bd68b5e7d7c6cd10d804d072062100a4893ad0c19bdac03b53b1809c51a4e3c7"},
    {file = "dbus_fast-1.95.2-pp37-pypy37_pp73-manylinux_2_17_x86_64.manylinux2014_x86_64.whl", hash = "sha256:ea2692efe0d6d6d58fb427cd0ed53ab44ced0c2ada642b0c15fd139c60a706d6"},
    {file = "dbus_fast-1.95.2-pp38-pypy38_pp73-manylinux_2_17_i686.manylinux_2_5_i686.manylinux1_i686.manylinux2014_i686.whl", hash = "sha256:33cee333a15241e516ee84aaabdd952dbb1a63f9e986028574451475e97a113f"},
    {file = "dbus_fast-1.95.2-pp38-pypy38_pp73-manylinux_2_17_x86_64.manylinux2014_x86_64.whl", hash = "sha256:6dfd99cf624f769cf838e62d75ceb737b2866b1783a4f11a928cf38e4c906a5f"},
    {file = "dbus_fast-1.95.2-pp39-pypy39_pp73-manylinux_2_17_i686.manylinux_2_5_i686.manylinux1_i686.manylinux2014_i686.whl", hash = "sha256:b842e94140e39a196d4d83e02eddcbc461b906871ba02f1c5374055f2d628c47"},
    {file = "dbus_fast-1.95.2-pp39-pypy39_pp73-manylinux_2_17_x86_64.manylinux2014_x86_64.whl", hash = "sha256:08ca9968dd46b854e5c7b00be32cb273edaf17ddc9647811ff63ae3b9dca822d"},
    {file = "dbus_fast-1.95.2.tar.gz", hash = "sha256:3dd64c5cd362ceead6cc02603b6b4cbda58b2cbb6ec816a2f21b1901dfc3cb61"},
]
decorator = [
    {file = "decorator-5.1.1-py3-none-any.whl", hash = "sha256:b8c3f85900b9dc423225913c5aace94729fe1fa9763b38939a95226f02d37186"},
    {file = "decorator-5.1.1.tar.gz", hash = "sha256:637996211036b6385ef91435e4fae22989472f9d571faba8927ba8253acbc330"},
]
hidapi = [
    {file = "hidapi-0.13.1-cp310-cp310-macosx_10_9_x86_64.whl", hash = "sha256:0e245b5177fc59548e4f76400a07a7882fca48a1c650f7c5d902afe519869bd0"},
    {file = "hidapi-0.13.1-cp310-cp310-macosx_11_0_arm64.whl", hash = "sha256:ec97dcb6697659be0878aac14143ba00ab43e86a6bbec2fa6af46f833ab69743"},
    {file = "hidapi-0.13.1-cp310-cp310-manylinux_2_17_aarch64.manylinux2014_aarch64.whl", hash = "sha256:a48a0c3f1113ac05d389ae4eff00485a253c63dc6e7c7c17ae3026d063ca809a"},
    {file = "hidapi-0.13.1-cp310-cp310-manylinux_2_17_i686.manylinux2014_i686.whl", hash = "sha256:1b2421ace55d1cca96b8d5c09f918e7662b6ac7b7dbb0f624814e831dab5062e"},
    {file = "hidapi-0.13.1-cp310-cp310-manylinux_2_17_x86_64.manylinux2014_x86_64.whl", hash = "sha256:571e3a07bcbdc13c2d2af9bd09839e6f45cfbac8d5e2d28b7e1b844427813162"},
    {file = "hidapi-0.13.1-cp310-cp310-win32.whl", hash = "sha256:6c0a285b3720d1277f318b574d987483d6127b75d7d76decdd6c85c724af8ef7"},
    {file = "hidapi-0.13.1-cp310-cp310-win_amd64.whl", hash = "sha256:da551cdf88122e9d7dbb93557efa69d35fb1b1fea0510a5bd461af331ad92892"},
    {file = "hidapi-0.13.1-cp311-cp311-macosx_10_9_x86_64.whl", hash = "sha256:6490021f7d8227fb6277355f143539404c1b9074d77d64febbe0d4a629f0835b"},
    {file = "hidapi-0.13.1-cp311-cp311-macosx_11_0_arm64.whl", hash = "sha256:ebffcf48798bbf2018a86f1465eeabce0da98c2066c99a121db97dd397b798b3"},
    {file = "hidapi-0.13.1-cp311-cp311-manylinux_2_17_aarch64.manylinux2014_aarch64.whl", hash = "sha256:0c6ae8a0b69ca9ae0ad3f948e1174231a9b781a70ff3642e6b110dfec770cf59"},
    {file = "hidapi-0.13.1-cp311-cp311-manylinux_2_17_i686.manylinux2014_i686.whl", hash = "sha256:93b95d8bb6c87f6db03b6eb9faffb2fe977ac788791898651826c1b61a4734c1"},
    {file = "hidapi-0.13.1-cp311-cp311-manylinux_2_17_x86_64.manylinux2014_x86_64.whl", hash = "sha256:aca9899e7fccc6f9e6a909681c5d97cc2ba224683d886c96bcdca3165454d875"},
    {file = "hidapi-0.13.1-cp311-cp311-win32.whl", hash = "sha256:93dfc2739e0d3f773ae148fed9c0f020c13e17d9d512cf73b54a5e60f0b28c68"},
    {file = "hidapi-0.13.1-cp311-cp311-win_amd64.whl", hash = "sha256:68b9281c22e7832e1d140d3eb65718486b61ac24701837c0ff211f2195bedfb8"},
    {file = "hidapi-0.13.1-cp36-cp36m-macosx_10_9_x86_64.whl", hash = "sha256:3c190d4f8be403c8ee543684013e85494ac690da2d636a03a4f7f5b75b41bba5"},
    {file = "hidapi-0.13.1-cp36-cp36m-manylinux_2_17_aarch64.manylinux2014_aarch64.whl", hash = "sha256:3cb651134546cabc1e515b38626732770ec3ab0157b33dc132fc2f4607858658"},
    {file = "hidapi-0.13.1-cp36-cp36m-manylinux_2_17_i686.manylinux2014_i686.whl", hash = "sha256:6ab4dd2e19918beff50638be89b9626191df4514456fd7388611762cdbbd46cc"},
    {file = "hidapi-0.13.1-cp36-cp36m-manylinux_2_17_x86_64.manylinux2014_x86_64.whl", hash = "sha256:871808f5b4c8049f758b94375e24bfe87c8a58f91f7c2ca4c482ab003c9af9a7"},
    {file = "hidapi-0.13.1-cp36-cp36m-win32.whl", hash = "sha256:5a51521200fecd677695d7bd12a6efdccf315a16929a65b836fb7ec8596a24f4"},
    {file = "hidapi-0.13.1-cp36-cp36m-win_amd64.whl", hash = "sha256:d1e91ef0cca8185a858491d9e253f585e58888c5350013ab9305caf4b7f563ba"},
    {file = "hidapi-0.13.1-cp37-cp37m-macosx_10_9_x86_64.whl", hash = "sha256:8a735ea49c68d6008b4e07b3de5b4c211f875c262dd14d6669a3629bc482a375"},
    {file = "hidapi-0.13.1-cp37-cp37m-manylinux_2_17_aarch64.manylinux2014_aarch64.whl", hash = "sha256:c8647eeb286d1b46104a297258b4af15e7878b3dbdb9951ba01cf233b2ff513a"},
    {file = "hidapi-0.13.1-cp37-cp37m-manylinux_2_17_i686.manylinux2014_i686.whl", hash = "sha256:cf6a90f988c3a1b1910f441c29e4c8c21150c6cb0ed5a8be3bea715aed02002d"},
    {file = "hidapi-0.13.1-cp37-cp37m-manylinux_2_17_x86_64.manylinux2014_x86_64.whl", hash = "sha256:58580360dc69206a54efccc6d234baa6dbfa56394386ff77bdd67228b27c9759"},
    {file = "hidapi-0.13.1-cp37-cp37m-win32.whl", hash = "sha256:1eb1247930ebf45275937db011856880dc6e3c961290dc8783835230312250b6"},
    {file = "hidapi-0.13.1-cp37-cp37m-win_amd64.whl", hash = "sha256:155bce0c0741ee3b4cf93ac53d02526ef16008a1ef3d9071cd67dd4e190c02d8"},
    {file = "hidapi-0.13.1-cp38-cp38-macosx_10_9_x86_64.whl", hash = "sha256:2f013d7e107aef90a4c79802f7e44f5280f9fd62d3d43e307dd7d108c95277cd"},
    {file = "hidapi-0.13.1-cp38-cp38-macosx_11_0_arm64.whl", hash = "sha256:afc7991c12235f3392b5f744b75878429dbf5a3a4a0d51ca18b1e82ebcce7033"},
    {file = "hidapi-0.13.1-cp38-cp38-manylinux_2_17_aarch64.manylinux2014_aarch64.whl", hash = "sha256:a3fcfe6e4a75651baf704001ddf765326ddd64b55b1ba6cd0e2e0851409c27c4"},
    {file = "hidapi-0.13.1-cp38-cp38-manylinux_2_17_i686.manylinux2014_i686.whl", hash = "sha256:64ec0dcce28232354a91d4575a74eab77fcbb4379fa2f4650e9eaadd7561d887"},
    {file = "hidapi-0.13.1-cp38-cp38-manylinux_2_17_x86_64.manylinux2014_x86_64.whl", hash = "sha256:8174e095386a37eb3d8eb08e942f3aa7e6bd703c296dbb6c45cbca40862a7253"},
    {file = "hidapi-0.13.1-cp38-cp38-win32.whl", hash = "sha256:2dcaf4b9df91a10c0e2904f175c0bfed53d51a3fe73d2aba7061ddc360249f86"},
    {file = "hidapi-0.13.1-cp38-cp38-win_amd64.whl", hash = "sha256:f5a16a8a97ac944775369713b35bb47a7cb6b3091458e7cfe4fdec3f7ac9c29e"},
    {file = "hidapi-0.13.1-cp39-cp39-macosx_10_9_x86_64.whl", hash = "sha256:0933fef6e1599c38093bec22a3dded359fb0a9ce57ab43db8947eca7308fe0a8"},
    {file = "hidapi-0.13.1-cp39-cp39-macosx_11_0_arm64.whl", hash = "sha256:20c06a2256696e83c5f2789dcd9a8109009af5f3e75af0082934867fc6de5283"},
    {file = "hidapi-0.13.1-cp39-cp39-manylinux_2_17_aarch64.manylinux2014_aarch64.whl", hash = "sha256:7b59778cec7ef9f6151778bf65a1b1dd164014238d7d4345c8e376c4a4baac0e"},
    {file = "hidapi-0.13.1-cp39-cp39-manylinux_2_17_i686.manylinux2014_i686.whl", hash = "sha256:22d5af6f776fffce8078d6d3785dc8c1647688183c1dbda24acf6dd841d76ac3"},
    {file = "hidapi-0.13.1-cp39-cp39-manylinux_2_17_x86_64.manylinux2014_x86_64.whl", hash = "sha256:9ed536627429bc299b28188a28d2fe4230b472d737ee9dc5c8376fd66c418674"},
    {file = "hidapi-0.13.1-cp39-cp39-win32.whl", hash = "sha256:63494ccce46bf60491d7e44f1371443a178e21afa287b341288057bfbefbe872"},
    {file = "hidapi-0.13.1-cp39-cp39-win_amd64.whl", hash = "sha256:5696e1479c203e6123db5f6c5effe6fdca3a5da332bd9ba559687056af7b1d3c"},
    {file = "hidapi-0.13.1.tar.gz", hash = "sha256:99b18b28ec414ef9b604ddaed08182e486a400486f31ca56f61d537eed1d17cf"},
]
mpy-cross-v5 = [
    {file = "mpy-cross-v5-1.0.1.tar.gz", hash = "sha256:359febd229d9a59d434461e66e4adf25b7d06d6b04f3bd18381e6c62210778ee"},
    {file = "mpy_cross_v5-1.0.1-py3-none-macosx_10_9_x86_64.whl", hash = "sha256:877dfe1a3d8555654a36bbaa778395a432b4ad6bb17c341d810932ba0d6d66c9"},
    {file = "mpy_cross_v5-1.0.1-py3-none-macosx_11_0_arm64.whl", hash = "sha256:7ea822887796737e1954ccfb135e969c87e0cab48882f1c216f38d1a16565e7e"},
    {file = "mpy_cross_v5-1.0.1-py3-none-manylinux_2_17_aarch64.manylinux2014_aarch64.whl", hash = "sha256:c4ac88427201e458e0d53ccc5b226fb21b3a4eca71472d4d449425e60889b1ed"},
    {file = "mpy_cross_v5-1.0.1-py3-none-manylinux_2_17_x86_64.manylinux2014_x86_64.whl", hash = "sha256:183fdf485185b53311a8f01423404a89a62701e5643c2f483374be291095129c"},
    {file = "mpy_cross_v5-1.0.1-py3-none-musllinux_1_1_aarch64.whl", hash = "sha256:b0ee1b019d64b75c6d4a086c9f6f46d05f0693b2645d5cd3e6d857aafbab0c21"},
    {file = "mpy_cross_v5-1.0.1-py3-none-musllinux_1_1_x86_64.whl", hash = "sha256:b8bd7b559d0d37958cd21d572281538adc8e81069d8d724e661381918d9edd13"},
    {file = "mpy_cross_v5-1.0.1-py3-none-win32.whl", hash = "sha256:d0267131bd8f9929ef23601aa1063aa751df757fbf9614fcda0e1a06ca7faaf0"},
    {file = "mpy_cross_v5-1.0.1-py3-none-win_amd64.whl", hash = "sha256:fa0a261e72dc7790ad593e5341bbe10ec2d3870bc2b66434e6fc726096e522f1"},
]
mpy-cross-v6 = [
    {file = "mpy-cross-v6-1.0.1.tar.gz", hash = "sha256:4afa35ede3f18749e192157f7d565d5737a618f48156ffe723c073f95b9853fe"},
    {file = "mpy_cross_v6-1.0.1-py3-none-macosx_10_9_x86_64.whl", hash = "sha256:38125007bae8ccd7d97510c5adeb6eab794268dca572257b37638173ce50b621"},
    {file = "mpy_cross_v6-1.0.1-py3-none-macosx_11_0_arm64.whl", hash = "sha256:71cd8205d977fb23ec8d0e38cbfd1d3b827645923e2782fb707cc0283fe1adcb"},
    {file = "mpy_cross_v6-1.0.1-py3-none-manylinux_2_17_aarch64.manylinux2014_aarch64.whl", hash = "sha256:f16355abe04b8185e59b58953f4b28d631273ec1796f62216023e5762e7490c0"},
    {file = "mpy_cross_v6-1.0.1-py3-none-manylinux_2_17_x86_64.manylinux2014_x86_64.whl", hash = "sha256:3a00d6cc4fc16175cc8121aa152d8be9742e030e576f47b2efe0dd509dc08c66"},
    {file = "mpy_cross_v6-1.0.1-py3-none-musllinux_1_1_aarch64.whl", hash = "sha256:798ecf9ff4dde698156a35a507b95af63ff74ce0ee25f8cfb493634ddb8ced92"},
    {file = "mpy_cross_v6-1.0.1-py3-none-musllinux_1_1_x86_64.whl", hash = "sha256:dea79672c1c39f44d408cda9447c7e9c4c21333bd55bd69a3258a4083a3e5ba0"},
    {file = "mpy_cross_v6-1.0.1-py3-none-win32.whl", hash = "sha256:415940a7d8cbfb40ee9a670213393a23de9908b5fe7a840e349994bf4b27fb94"},
    {file = "mpy_cross_v6-1.0.1-py3-none-win_amd64.whl", hash = "sha256:36da73f8d936770ece87e1bf9397492a70769c297d9c83f7a8c0cd9a681ce042"},
]
packaging = [
    {file = "packaging-22.0-py3-none-any.whl", hash = "sha256:957e2148ba0e1a3b282772e791ef1d8083648bc131c8ab0c1feba110ce1146c3"},
    {file = "packaging-22.0.tar.gz", hash = "sha256:2198ec20bd4c017b8f9717e00f0c8714076fc2fd93816750ab48e2c41de2cfd3"},
]
prompt-toolkit = [
    {file = "prompt_toolkit-3.0.43-py3-none-any.whl", hash = "sha256:a11a29cb3bf0a28a387fe5122cdb649816a957cd9261dcedf8c9f1fef33eacf6"},
    {file = "prompt_toolkit-3.0.43.tar.gz", hash = "sha256:3527b7af26106cbc65a040bcc84839a3566ec1b051bb0bfe953631e704b0ff7d"},
]
pybricks = [
    {file = "pybricks-3.3.0-py3-none-any.whl", hash = "sha256:7861906a9353d905d8398e7f098d035740f1d6cc5d23a5257cbedc1e7eabef55"},
    {file = "pybricks-3.3.0.tar.gz", hash = "sha256:9c1b50aa69e31ae740daabb99f8e556a1c8407dce33a47222ba107ab5a77fcfd"},
]
pybricksdev = [
    {file = "pybricksdev-1.0.0a46-py3-none-any.whl", hash = "sha256:7a4f421775b17e989193ce056c428691710284cf05f59f7d1aaccd5e8746bade"},
    {file = "pybricksdev-1.0.0a46.tar.gz", hash = "sha256:d7d764b1c86aaceb5a959ec6c8bfae9de71b36cff2eca2e5695708a43f7000f4"},
]
pycparser = [
    {file = "pycparser-2.21-py2.py3-none-any.whl", hash = "sha256:8ee45429555515e1f6b185e78100aea234072576aa43ab53aefcae078162fca9"},
    {file = "pycparser-2.21.tar.gz", hash = "sha256:e644fdec12f7872f86c58ff790da456218b10f863970249516d60a5eaca77206"},
]
pyobjc-core = [
    {file = "pyobjc-core-9.2.tar.gz", hash = "sha256:d734b9291fec91ff4e3ae38b9c6839debf02b79c07314476e87da8e90b2c68c3"},
    {file = "pyobjc_core-9.2-cp310-cp310-macosx_10_9_universal2.whl", hash = "sha256:fa674a39949f5cde8e5c7bbcd24496446bfc67592b028aedbec7f81dc5fc4daa"},
    {file = "pyobjc_core-9.2-cp311-cp311-macosx_10_9_universal2.whl", hash = "sha256:bbc8de304ee322a1ee530b4d2daca135a49b4a49aa3cedc6b2c26c43885f4842"},
    {file = "pyobjc_core-9.2-cp312-cp312-macosx_10_9_universal2.whl", hash = "sha256:0fa950f092673883b8bd28bc18397415cabb457bf410920762109b411789ade9"},
    {file = "pyobjc_core-9.2-cp37-cp37m-macosx_10_9_x86_64.whl", hash = "sha256:586e4cae966282eaa61b21cae66ccdcee9d69c036979def26eebdc08ddebe20f"},
    {file = "pyobjc_core-9.2-cp38-cp38-macosx_10_9_x86_64.whl", hash = "sha256:41189c2c680931c0395a55691763c481fc681f454f21bb4f1644f98c24a45954"},
    {file = "pyobjc_core-9.2-cp38-cp38-macosx_11_0_universal2.whl", hash = "sha256:2d23ee539f2ba5e9f5653d75a13f575c7e36586fc0086792739e69e4c2617eda"},
    {file = "pyobjc_core-9.2-cp39-cp39-macosx_10_9_universal2.whl", hash = "sha256:b9809cf96678797acb72a758f34932fe8e2602d5ab7abec15c5ac68ddb481720"},
]
pyobjc-framework-cocoa = [
    {file = "pyobjc-framework-Cocoa-9.2.tar.gz", hash = "sha256:efd78080872d8c8de6c2b97e0e4eac99d6203a5d1637aa135d071d464eb2db53"},
    {file = "pyobjc_framework_Cocoa-9.2-cp310-cp310-macosx_10_9_universal2.whl", hash = "sha256:9e02d8a7cc4eb7685377c50ba4f17345701acf4c05b1e7480d421bff9e2f62a4"},
    {file = "pyobjc_framework_Cocoa-9.2-cp311-cp311-macosx_10_9_universal2.whl", hash = "sha256:3b1e6287b3149e4c6679cdbccd8e9ef6557a4e492a892e80a77df143f40026d2"},
    {file = "pyobjc_framework_Cocoa-9.2-cp312-cp312-macosx_10_9_universal2.whl", hash = "sha256:312977ce2e3989073c6b324c69ba24283de206fe7acd6dbbbaf3e29238a22537"},
    {file = "pyobjc_framework_Cocoa-9.2-cp37-cp37m-macosx_10_9_x86_64.whl", hash = "sha256:aae7841cf40c26dd915f4dd828f91c6616e6b7998630b72e704750c09e00f334"},
    {file = "pyobjc_framework_Cocoa-9.2-cp38-cp38-macosx_10_9_x86_64.whl", hash = "sha256:739a421e14382a46cbeb9a883f192dceff368ad28ec34d895c48c0ad34cf2c1d"},
    {file = "pyobjc_framework_Cocoa-9.2-cp38-cp38-macosx_11_0_universal2.whl", hash = "sha256:32d9ac1033fac1b821ddee8c68f972a7074ad8c50bec0bea9a719034c1c2fb94"},
    {file = "pyobjc_framework_Cocoa-9.2-cp39-cp39-macosx_10_9_universal2.whl", hash = "sha256:b236bb965e41aeb2e215d4e98a5a230d4b63252c6d26e00924ea2e69540a59d6"},
]
pyobjc-framework-corebluetooth = [
    {file = "pyobjc-framework-CoreBluetooth-9.2.tar.gz", hash = "sha256:cb2481b1dfe211ae9ce55f36537dc8155dbf0dc8ff26e0bc2e13f7afb0a291d1"},
    {file = "pyobjc_framework_CoreBluetooth-9.2-cp36-abi3-macosx_10_9_universal2.whl", hash = "sha256:53d888742119d0f0c725d0b0c2389f68e8f21f0cba6d6aec288c53260a0196b6"},
    {file = "pyobjc_framework_CoreBluetooth-9.2-cp36-abi3-macosx_10_9_x86_64.whl", hash = "sha256:179532882126526e38fe716a50fb0ee8f440e0b838d290252c515e622b5d0e49"},
    {file = "pyobjc_framework_CoreBluetooth-9.2-cp36-abi3-macosx_11_0_universal2.whl", hash = "sha256:256a5031ea9d8a7406541fa1b0dfac549b1de93deae8284605f9355b13fb58be"},
]
pyobjc-framework-libdispatch = [
    {file = "pyobjc-framework-libdispatch-9.2.tar.gz", hash = "sha256:542e7f7c2b041939db5ed6f3119c1d67d73ec14a996278b92485f8513039c168"},
    {file = "pyobjc_framework_libdispatch-9.2-cp310-cp310-macosx_10_9_universal2.whl", hash = "sha256:88d4091d4bcb5702783d6e86b4107db973425a17d1de491543f56bd348909b60"},
    {file = "pyobjc_framework_libdispatch-9.2-cp311-cp311-macosx_10_9_universal2.whl", hash = "sha256:1a67b007113328538b57893cc7829a722270764cdbeae6d5e1460a1d911314df"},
    {file = "pyobjc_framework_libdispatch-9.2-cp312-cp312-macosx_10_9_universal2.whl", hash = "sha256:6fccea1a57436cf1ac50d9ebc6e3e725bcf77f829ba6b118e62e6ed7866d359d"},
    {file = "pyobjc_framework_libdispatch-9.2-cp37-cp37m-macosx_10_9_x86_64.whl", hash = "sha256:6eba747b7ad91b0463265a7aee59235bb051fb97687f35ca2233690369b5e4e4"},
    {file = "pyobjc_framework_libdispatch-9.2-cp38-cp38-macosx_10_9_x86_64.whl", hash = "sha256:2e835495860d04f63c2d2f73ae3dd79da4222864c107096dc0f99e8382700026"},
    {file = "pyobjc_framework_libdispatch-9.2-cp38-cp38-macosx_11_0_universal2.whl", hash = "sha256:1b107e5c3580b09553030961ea6b17abad4a5132101eab1af3ad2cb36d0f08bb"},
    {file = "pyobjc_framework_libdispatch-9.2-cp39-cp39-macosx_10_9_universal2.whl", hash = "sha256:83cdb672acf722717b5ecf004768f215f02ac02d7f7f2a9703da6e921ab02222"},
]
pyserial = [
    {file = "pyserial-3.5-py2.py3-none-any.whl", hash = "sha256:c4451db6ba391ca6ca299fb3ec7bae67a5c55dde170964c7a14ceefec02f2cf0"},
    {file = "pyserial-3.5.tar.gz", hash = "sha256:3c77e014170dfffbd816e6ffc205e9842efb10be9f58ec16d3e8675b4925cddb"},
]
pyusb = [
    {file = "pyusb-1.2.1-py3-none-any.whl", hash = "sha256:2b4c7cb86dbadf044dfb9d3a4ff69fd217013dbe78a792177a3feb172449ea36"},
    {file = "pyusb-1.2.1.tar.gz", hash = "sha256:a4cc7404a203144754164b8b40994e2849fde1cfff06b08492f12fff9d9de7b9"},
]
reactivex = [
    {file = "reactivex-4.0.4-py3-none-any.whl", hash = "sha256:0004796c420bd9e68aad8e65627d85a8e13f293de76656165dffbcb3a0e3fb6a"},
    {file = "reactivex-4.0.4.tar.gz", hash = "sha256:e912e6591022ab9176df8348a653fe8c8fa7a301f26f9931c9d8c78a650e04e8"},
]
semver = [
    {file = "semver-2.13.0-py2.py3-none-any.whl", hash = "sha256:ced8b23dceb22134307c1b8abfa523da14198793d9787ac838e70e29e77458d4"},
    {file = "semver-2.13.0.tar.gz", hash = "sha256:fa0fe2722ee1c3f57eac478820c3a5ae2f624af8264cbdf9000c980ff7f75e3f"},
]
setuptools = [
    {file = "setuptools-69.0.3-py3-none-any.whl", hash = "sha256:385eb4edd9c9d5c17540511303e39a147ce2fc04bc55289c322b9e5904fe2c05"},
    {file = "setuptools-69.0.3.tar.gz", hash = "sha256:be1af57fc409f93647f2e8e4573a142ed38724b8cdd389706a867bb4efcf1e78"},
]
six = [
    {file = "six-1.16.0-py2.py3-none-any.whl", hash = "sha256:8abb2f1d86890a2dfb989f9a77cfcfd3e47c2a354b01111771326f8aa26e0254"},
    {file = "six-1.16.0.tar.gz", hash = "sha256:1e61c37477a1626458e36f7b1d82aa5c9b094fa4802892072e49de9c60c4c926"},
]
tqdm = [
    {file = "tqdm-4.66.1-py3-none-any.whl", hash = "sha256:d302b3c5b53d47bce91fea46679d9c3c6508cf6332229aa1e7d8653723793386"},
    {file = "tqdm-4.66.1.tar.gz", hash = "sha256:d88e651f9db8d8551a62556d3cff9e3034274ca5d66e93197cf2490e2dcb69c7"},
]
typing-extensions = [
    {file = "typing_extensions-4.9.0-py3-none-any.whl", hash = "sha256:af72aea155e91adfc61c3ae9e0e342dbc0cba726d6cba4b6c72c1f34e47291cd"},
    {file = "typing_extensions-4.9.0.tar.gz", hash = "sha256:23478f88c37f27d76ac8aee6c905017a143b0b1b886c3c9f66bc2fd94f9f5783"},
]
validators = [
    {file = "validators-0.18.2-py3-none-any.whl", hash = "sha256:0143dcca8a386498edaf5780cbd5960da1a4c85e0719f3ee5c9b41249c4fefbd"},
    {file = "validators-0.18.2.tar.gz", hash = "sha256:37cd9a9213278538ad09b5b9f9134266e7c226ab1fede1d500e29e0a8fbb9ea6"},
]
wcwidth = [
    {file = "wcwidth-0.2.13-py2.py3-none-any.whl", hash = "sha256:3da69048e4540d84af32131829ff948f1e022c1c6bdb8d6102117aac784f6859"},
    {file = "wcwidth-0.2.13.tar.gz", hash = "sha256:72ea0c06399eb286d978fdedb6923a9eb47e1c486ce63e9b4e64fc18303972b5"},
]
